
Microsoft Visual Studio Solution File, Format Version 12.00
# Visual Studio 11
Project("{2150E333-8FDC-42A3-9474-1A3956D46DE8}") = "Solution Items", "Solution Items", "{8C730314-7A6B-462E-A608-786F18CA0D3B}"
	ProjectSection(SolutionItems) = preProject
		html5hash.css = html5hash.css
		html5hash.js = html5hash.js
		index.html = index.html
	EndProjectSection
EndProject
Global
	GlobalSection(SolutionProperties) = preSolution
		HideSolutionNode = FALSE
	EndGlobalSection
EndGlobal
